
Microsoft Visual Studio Solution File, Format Version 12.00
# Visual Studio 15
VisualStudioVersion = 15.0.27004.2008
MinimumVisualStudioVersion = 10.0.40219.1
Project("{8BC9CEB8-8B4A-11D0-8D11-00A0C91BC942}") = "dump_route", "dump_route\dump_route.vcxproj", "{A373E680-E6AB-4802-B4B8-CBEBC9289295}"
EndProject
Global
	GlobalSection(SolutionConfigurationPlatforms) = preSolution
		Debug|x86 = Debug|x86
		Release|x86 = Release|x86
	EndGlobalSection
	GlobalSection(ProjectConfigurationPlatforms) = postSolution
		{A373E680-E6AB-4802-B4B8-CBEBC9289295}.Debug|x64.ActiveCfg = Debug|Win32
		{A373E680-E6AB-4802-B4B8-CBEBC9289295}.Debug|x86.ActiveCfg = Debug|Win32
		{A373E680-E6AB-4802-B4B8-CBEBC9289295}.Debug|x86.Build.0 = Debug|Win32
		{A373E680-E6AB-4802-B4B8-CBEBC9289295}.Release|x64.ActiveCfg = Release|Win32
		{A373E680-E6AB-4802-B4B8-CBEBC9289295}.Release|x86.ActiveCfg = Release|Win32
		{A373E680-E6AB-4802-B4B8-CBEBC9289295}.Release|x86.Build.0 = Release|Win32
	EndGlobalSection
	GlobalSection(SolutionProperties) = preSolution
		HideSolutionNode = FALSE
	EndGlobalSection
	GlobalSection(ExtensibilityGlobals) = postSolution
		SolutionGuid = {11870A99-1AEC-4A4B-9AA1-9D40EEF156B6}
	EndGlobalSection
EndGlobal
