<?xml version="1.0" encoding="utf-8"?>
<Project ToolsVersion="4.0" xmlns="http://schemas.microsoft.com/developer/msbuild/2003">
  <ItemGroup>
    <Filter Include="Source files">
      <UniqueIdentifier>{8cd7acc1-c505-40d5-af03-e55c1a20b34c}</UniqueIdentifier>
      <Extensions>cpp;c;cc;cxx;def;odl;idl;hpj;bat;asm;asmx</Extensions>
    </Filter>
    <Filter Include="Header files">
      <UniqueIdentifier>{d2cb3c0d-5153-4ce0-a4a6-0d2a51ba274b}</UniqueIdentifier>
      <Extensions>h;hpp;hxx;hm;inl;inc;xsd</Extensions>
    </Filter>
    <Filter Include="Resource files">
      <UniqueIdentifier>{0ce4ef83-7908-4fa5-ac0e-728fca236fad}</UniqueIdentifier>
      <Extensions>rc;ico;cur;bmp;dlg;rc2;rct;bin;rgs;gif;jpg;jpeg;jpe;resx;tiff;tif;png;wav</Extensions>
    </Filter>
    <Filter Include="Make files">
      <UniqueIdentifier>{726393f0-1884-4a1c-883f-7a99b9b94db5}</UniqueIdentifier>
    </Filter>
    <Filter Include="VisualGDB settings">
      <UniqueIdentifier>{f5bb9958-750d-45fa-b5d8-5b7ce7d6ddfc}</UniqueIdentifier>
    </Filter>
  </ItemGroup>
  <ItemGroup>
    <None Include="debug.mak">
      <Filter>Make files</Filter>
    </None>
    <None Include="release.mak">
      <Filter>Make files</Filter>
    </None>
    <None Include="tcp-echo-server-threaded-Debug.vgdbsettings">
      <Filter>VisualGDB settings</Filter>
    </None>
    <None Include="tcp-echo-server-threaded-Release.vgdbsettings">
      <Filter>VisualGDB settings</Filter>
    </None>
  </ItemGroup>
  <ItemGroup>
    <None Include="Makefile" />
  </ItemGroup>
  <ItemGroup>
    <ClCompile Include="src\main.c">
      <Filter>Source files</Filter>
    </ClCompile>
    <ClCompile Include="src\AcceptTCPConnection.c">
      <Filter>Source files</Filter>
    </ClCompile>
    <ClCompile Include="src\CreateTCPServerSocket.c">
      <Filter>Source files</Filter>
    </ClCompile>
    <ClCompile Include="src\DieWithError.c">
      <Filter>Source files</Filter>
    </ClCompile>
    <ClCompile Include="src\HandleTCPClient.c">
      <Filter>Source files</Filter>
    </ClCompile>
  </ItemGroup>
  <ItemGroup>
    <ClInclude Include="src\TCPEchoServer.h">
      <Filter>Header files</Filter>
    </ClInclude>
  </ItemGroup>
</Project>