<?xml version="1.0" encoding="utf-8"?>
<Project ToolsVersion="4.0" xmlns="http://schemas.microsoft.com/developer/msbuild/2003">
  <ItemGroup>
    <Filter Include="Source files">
      <UniqueIdentifier>{80aa78f4-a009-4006-a86b-5ff036096cbb}</UniqueIdentifier>
      <Extensions>cpp;c;cc;cxx;def;odl;idl;hpj;bat;asm;asmx</Extensions>
    </Filter>
    <Filter Include="Header files">
      <UniqueIdentifier>{4dfcf52b-1084-4b6b-ba6c-008dd4694cf0}</UniqueIdentifier>
      <Extensions>h;hpp;hxx;hm;inl;inc;xsd</Extensions>
    </Filter>
    <Filter Include="Resource files">
      <UniqueIdentifier>{0eb3f31f-eb15-46f3-bb6d-66ebfabf4a4e}</UniqueIdentifier>
      <Extensions>rc;ico;cur;bmp;dlg;rc2;rct;bin;rgs;gif;jpg;jpeg;jpe;resx;tiff;tif;png;wav</Extensions>
    </Filter>
    <Filter Include="Make files">
      <UniqueIdentifier>{b2ffe315-a3f9-4472-a893-84a469d19d7c}</UniqueIdentifier>
    </Filter>
    <Filter Include="VisualGDB settings">
      <UniqueIdentifier>{fd9680c0-dd03-42f2-ad1d-d0ad3e8781d9}</UniqueIdentifier>
    </Filter>
  </ItemGroup>
  <ItemGroup>
    <None Include="debug.mak">
      <Filter>Make files</Filter>
    </None>
    <None Include="release.mak">
      <Filter>Make files</Filter>
    </None>
    <None Include="pcap_test-Debug.vgdbsettings">
      <Filter>VisualGDB settings</Filter>
    </None>
    <None Include="pcap_test-Release.vgdbsettings">
      <Filter>VisualGDB settings</Filter>
    </None>
  </ItemGroup>
  <ItemGroup>
    <None Include="Makefile" />
  </ItemGroup>
  <ItemGroup>
    <ClCompile Include="src\tools.cpp">
      <Filter>Source files</Filter>
    </ClCompile>
    <ClCompile Include="src\main.cpp">
      <Filter>Source files</Filter>
    </ClCompile>
    <ClCompile Include="src\i18n.cpp">
      <Filter>Source files</Filter>
    </ClCompile>
    <ClCompile Include="src\thread.cpp">
      <Filter>Source files</Filter>
    </ClCompile>
    <ClCompile Include="src\yuarel.cpp">
      <Filter>Source files</Filter>
    </ClCompile>
  </ItemGroup>
  <ItemGroup>
    <ClInclude Include="src\tools.h">
      <Filter>Header files</Filter>
    </ClInclude>
    <ClInclude Include="src\i18n.h">
      <Filter>Header files</Filter>
    </ClInclude>
    <ClInclude Include="src\thread.h">
      <Filter>Header files</Filter>
    </ClInclude>
    <ClInclude Include="src\yuarel.h">
      <Filter>Header files</Filter>
    </ClInclude>
    <ClInclude Include="src\pim.h">
      <Filter>Header files</Filter>
    </ClInclude>
    <ClInclude Include="src\defs.h">
      <Filter>Header files</Filter>
    </ClInclude>
    <ClInclude Include="src\igmp.h">
      <Filter>Header files</Filter>
    </ClInclude>
  </ItemGroup>
</Project>